
Microsoft Visual Studio Solution File, Format Version 12.00
# Visual Studio 2012
Project("{FAE04EC0-301F-11D3-BF4B-00C04F79EFBC}") = "ContingencyClient", "Contingency\ContingencyClient.csproj", "{82371B6C-799F-41C4-B6CF-ABB7BBCEA895}"
EndProject
Project("{FAE04EC0-301F-11D3-BF4B-00C04F79EFBC}") = "SocketTester", "SocketTester\SocketTester.csproj", "{E093C33E-5A6D-407C-8E88-6235E673518D}"
EndProject
Global
	GlobalSection(SolutionConfigurationPlatforms) = preSolution
		Android|Any CPU = Android|Any CPU
		Android|Mixed Platforms = Android|Mixed Platforms
		Android|x86 = Android|x86
		Debug|Any CPU = Debug|Any CPU
		Debug|Mixed Platforms = Debug|Mixed Platforms
		Debug|x86 = Debug|x86
		iOS|Any CPU = iOS|Any CPU
		iOS|Mixed Platforms = iOS|Mixed Platforms
		iOS|x86 = iOS|x86
		Linux|Any CPU = Linux|Any CPU
		Linux|Mixed Platforms = Linux|Mixed Platforms
		Linux|x86 = Linux|x86
		OSX|Any CPU = OSX|Any CPU
		OSX|Mixed Platforms = OSX|Mixed Platforms
		OSX|x86 = OSX|x86
		PSM|Any CPU = PSM|Any CPU
		PSM|Mixed Platforms = PSM|Mixed Platforms
		PSM|x86 = PSM|x86
		Release|Any CPU = Release|Any CPU
		Release|Mixed Platforms = Release|Mixed Platforms
		Release|x86 = Release|x86
		Windows|Any CPU = Windows|Any CPU
		Windows|Mixed Platforms = Windows|Mixed Platforms
		Windows|x86 = Windows|x86
		Windows8|Any CPU = Windows8|Any CPU
		Windows8|Mixed Platforms = Windows8|Mixed Platforms
		Windows8|x86 = Windows8|x86
	EndGlobalSection
	GlobalSection(ProjectConfigurationPlatforms) = postSolution
		{82371B6C-799F-41C4-B6CF-ABB7BBCEA895}.Android|Any CPU.ActiveCfg = Release|x86
		{82371B6C-799F-41C4-B6CF-ABB7BBCEA895}.Android|Mixed Platforms.ActiveCfg = Release|x86
		{82371B6C-799F-41C4-B6CF-ABB7BBCEA895}.Android|Mixed Platforms.Build.0 = Release|x86
		{82371B6C-799F-41C4-B6CF-ABB7BBCEA895}.Android|x86.ActiveCfg = Release|x86
		{82371B6C-799F-41C4-B6CF-ABB7BBCEA895}.Android|x86.Build.0 = Release|x86
		{82371B6C-799F-41C4-B6CF-ABB7BBCEA895}.Debug|Any CPU.ActiveCfg = Debug|x86
		{82371B6C-799F-41C4-B6CF-ABB7BBCEA895}.Debug|Mixed Platforms.ActiveCfg = Debug|x86
		{82371B6C-799F-41C4-B6CF-ABB7BBCEA895}.Debug|Mixed Platforms.Build.0 = Debug|x86
		{82371B6C-799F-41C4-B6CF-ABB7BBCEA895}.Debug|x86.ActiveCfg = Debug|x86
		{82371B6C-799F-41C4-B6CF-ABB7BBCEA895}.Debug|x86.Build.0 = Debug|x86
		{82371B6C-799F-41C4-B6CF-ABB7BBCEA895}.iOS|Any CPU.ActiveCfg = Release|x86
		{82371B6C-799F-41C4-B6CF-ABB7BBCEA895}.iOS|Mixed Platforms.ActiveCfg = Release|x86
		{82371B6C-799F-41C4-B6CF-ABB7BBCEA895}.iOS|Mixed Platforms.Build.0 = Release|x86
		{82371B6C-799F-41C4-B6CF-ABB7BBCEA895}.iOS|x86.ActiveCfg = Release|x86
		{82371B6C-799F-41C4-B6CF-ABB7BBCEA895}.iOS|x86.Build.0 = Release|x86
		{82371B6C-799F-41C4-B6CF-ABB7BBCEA895}.Linux|Any CPU.ActiveCfg = Release|x86
		{82371B6C-799F-41C4-B6CF-ABB7BBCEA895}.Linux|Mixed Platforms.ActiveCfg = Release|x86
		{82371B6C-799F-41C4-B6CF-ABB7BBCEA895}.Linux|Mixed Platforms.Build.0 = Release|x86
		{82371B6C-799F-41C4-B6CF-ABB7BBCEA895}.Linux|x86.ActiveCfg = Release|x86
		{82371B6C-799F-41C4-B6CF-ABB7BBCEA895}.Linux|x86.Build.0 = Release|x86
		{82371B6C-799F-41C4-B6CF-ABB7BBCEA895}.OSX|Any CPU.ActiveCfg = Release|x86
		{82371B6C-799F-41C4-B6CF-ABB7BBCEA895}.OSX|Mixed Platforms.ActiveCfg = Release|x86
		{82371B6C-799F-41C4-B6CF-ABB7BBCEA895}.OSX|Mixed Platforms.Build.0 = Release|x86
		{82371B6C-799F-41C4-B6CF-ABB7BBCEA895}.OSX|x86.ActiveCfg = Release|x86
		{82371B6C-799F-41C4-B6CF-ABB7BBCEA895}.OSX|x86.Build.0 = Release|x86
		{82371B6C-799F-41C4-B6CF-ABB7BBCEA895}.PSM|Any CPU.ActiveCfg = Release|x86
		{82371B6C-799F-41C4-B6CF-ABB7BBCEA895}.PSM|Mixed Platforms.ActiveCfg = Release|x86
		{82371B6C-799F-41C4-B6CF-ABB7BBCEA895}.PSM|Mixed Platforms.Build.0 = Release|x86
		{82371B6C-799F-41C4-B6CF-ABB7BBCEA895}.PSM|x86.ActiveCfg = Release|x86
		{82371B6C-799F-41C4-B6CF-ABB7BBCEA895}.PSM|x86.Build.0 = Release|x86
		{82371B6C-799F-41C4-B6CF-ABB7BBCEA895}.Release|Any CPU.ActiveCfg = Release|x86
		{82371B6C-799F-41C4-B6CF-ABB7BBCEA895}.Release|Mixed Platforms.ActiveCfg = Release|x86
		{82371B6C-799F-41C4-B6CF-ABB7BBCEA895}.Release|Mixed Platforms.Build.0 = Release|x86
		{82371B6C-799F-41C4-B6CF-ABB7BBCEA895}.Release|x86.ActiveCfg = Release|x86
		{82371B6C-799F-41C4-B6CF-ABB7BBCEA895}.Release|x86.Build.0 = Release|x86
		{82371B6C-799F-41C4-B6CF-ABB7BBCEA895}.Windows|Any CPU.ActiveCfg = Release|x86
		{82371B6C-799F-41C4-B6CF-ABB7BBCEA895}.Windows|Mixed Platforms.ActiveCfg = Release|x86
		{82371B6C-799F-41C4-B6CF-ABB7BBCEA895}.Windows|Mixed Platforms.Build.0 = Release|x86
		{82371B6C-799F-41C4-B6CF-ABB7BBCEA895}.Windows|x86.ActiveCfg = Release|x86
		{82371B6C-799F-41C4-B6CF-ABB7BBCEA895}.Windows|x86.Build.0 = Release|x86
		{82371B6C-799F-41C4-B6CF-ABB7BBCEA895}.Windows8|Any CPU.ActiveCfg = Release|x86
		{82371B6C-799F-41C4-B6CF-ABB7BBCEA895}.Windows8|Mixed Platforms.ActiveCfg = Release|x86
		{82371B6C-799F-41C4-B6CF-ABB7BBCEA895}.Windows8|Mixed Platforms.Build.0 = Release|x86
		{82371B6C-799F-41C4-B6CF-ABB7BBCEA895}.Windows8|x86.ActiveCfg = Release|x86
		{82371B6C-799F-41C4-B6CF-ABB7BBCEA895}.Windows8|x86.Build.0 = Release|x86
		{E093C33E-5A6D-407C-8E88-6235E673518D}.Android|Any CPU.ActiveCfg = Release|Any CPU
		{E093C33E-5A6D-407C-8E88-6235E673518D}.Android|Any CPU.Build.0 = Release|Any CPU
		{E093C33E-5A6D-407C-8E88-6235E673518D}.Android|Mixed Platforms.ActiveCfg = Release|Any CPU
		{E093C33E-5A6D-407C-8E88-6235E673518D}.Android|Mixed Platforms.Build.0 = Release|Any CPU
		{E093C33E-5A6D-407C-8E88-6235E673518D}.Android|x86.ActiveCfg = Release|Any CPU
		{E093C33E-5A6D-407C-8E88-6235E673518D}.Debug|Any CPU.ActiveCfg = Debug|Any CPU
		{E093C33E-5A6D-407C-8E88-6235E673518D}.Debug|Any CPU.Build.0 = Debug|Any CPU
		{E093C33E-5A6D-407C-8E88-6235E673518D}.Debug|Mixed Platforms.ActiveCfg = Debug|Any CPU
		{E093C33E-5A6D-407C-8E88-6235E673518D}.Debug|Mixed Platforms.Build.0 = Debug|Any CPU
		{E093C33E-5A6D-407C-8E88-6235E673518D}.Debug|x86.ActiveCfg = Debug|Any CPU
		{E093C33E-5A6D-407C-8E88-6235E673518D}.iOS|Any CPU.ActiveCfg = Release|Any CPU
		{E093C33E-5A6D-407C-8E88-6235E673518D}.iOS|Any CPU.Build.0 = Release|Any CPU
		{E093C33E-5A6D-407C-8E88-6235E673518D}.iOS|Mixed Platforms.ActiveCfg = Release|Any CPU
		{E093C33E-5A6D-407C-8E88-6235E673518D}.iOS|Mixed Platforms.Build.0 = Release|Any CPU
		{E093C33E-5A6D-407C-8E88-6235E673518D}.iOS|x86.ActiveCfg = Release|Any CPU
		{E093C33E-5A6D-407C-8E88-6235E673518D}.Linux|Any CPU.ActiveCfg = Release|Any CPU
		{E093C33E-5A6D-407C-8E88-6235E673518D}.Linux|Any CPU.Build.0 = Release|Any CPU
		{E093C33E-5A6D-407C-8E88-6235E673518D}.Linux|Mixed Platforms.ActiveCfg = Release|Any CPU
		{E093C33E-5A6D-407C-8E88-6235E673518D}.Linux|Mixed Platforms.Build.0 = Release|Any CPU
		{E093C33E-5A6D-407C-8E88-6235E673518D}.Linux|x86.ActiveCfg = Release|Any CPU
		{E093C33E-5A6D-407C-8E88-6235E673518D}.OSX|Any CPU.ActiveCfg = Release|Any CPU
		{E093C33E-5A6D-407C-8E88-6235E673518D}.OSX|Any CPU.Build.0 = Release|Any CPU
		{E093C33E-5A6D-407C-8E88-6235E673518D}.OSX|Mixed Platforms.ActiveCfg = Release|Any CPU
		{E093C33E-5A6D-407C-8E88-6235E673518D}.OSX|Mixed Platforms.Build.0 = Release|Any CPU
		{E093C33E-5A6D-407C-8E88-6235E673518D}.OSX|x86.ActiveCfg = Release|Any CPU
		{E093C33E-5A6D-407C-8E88-6235E673518D}.PSM|Any CPU.ActiveCfg = Release|Any CPU
		{E093C33E-5A6D-407C-8E88-6235E673518D}.PSM|Any CPU.Build.0 = Release|Any CPU
		{E093C33E-5A6D-407C-8E88-6235E673518D}.PSM|Mixed Platforms.ActiveCfg = Release|Any CPU
		{E093C33E-5A6D-407C-8E88-6235E673518D}.PSM|Mixed Platforms.Build.0 = Release|Any CPU
		{E093C33E-5A6D-407C-8E88-6235E673518D}.PSM|x86.ActiveCfg = Release|Any CPU
		{E093C33E-5A6D-407C-8E88-6235E673518D}.Release|Any CPU.ActiveCfg = Release|Any CPU
		{E093C33E-5A6D-407C-8E88-6235E673518D}.Release|Any CPU.Build.0 = Release|Any CPU
		{E093C33E-5A6D-407C-8E88-6235E673518D}.Release|Mixed Platforms.ActiveCfg = Release|Any CPU
		{E093C33E-5A6D-407C-8E88-6235E673518D}.Release|Mixed Platforms.Build.0 = Release|Any CPU
		{E093C33E-5A6D-407C-8E88-6235E673518D}.Release|x86.ActiveCfg = Release|Any CPU
		{E093C33E-5A6D-407C-8E88-6235E673518D}.Windows|Any CPU.ActiveCfg = Release|Any CPU
		{E093C33E-5A6D-407C-8E88-6235E673518D}.Windows|Any CPU.Build.0 = Release|Any CPU
		{E093C33E-5A6D-407C-8E88-6235E673518D}.Windows|Mixed Platforms.ActiveCfg = Release|Any CPU
		{E093C33E-5A6D-407C-8E88-6235E673518D}.Windows|Mixed Platforms.Build.0 = Release|Any CPU
		{E093C33E-5A6D-407C-8E88-6235E673518D}.Windows|x86.ActiveCfg = Release|Any CPU
		{E093C33E-5A6D-407C-8E88-6235E673518D}.Windows8|Any CPU.ActiveCfg = Release|Any CPU
		{E093C33E-5A6D-407C-8E88-6235E673518D}.Windows8|Any CPU.Build.0 = Release|Any CPU
		{E093C33E-5A6D-407C-8E88-6235E673518D}.Windows8|Mixed Platforms.ActiveCfg = Release|Any CPU
		{E093C33E-5A6D-407C-8E88-6235E673518D}.Windows8|Mixed Platforms.Build.0 = Release|Any CPU
		{E093C33E-5A6D-407C-8E88-6235E673518D}.Windows8|x86.ActiveCfg = Release|Any CPU
	EndGlobalSection
	GlobalSection(SolutionProperties) = preSolution
		HideSolutionNode = FALSE
	EndGlobalSection
EndGlobal
